# THIS IS AN AUTOGENERATED FILE. DO NOT EDIT THIS FILE DIRECTLY.
# yarn lockfile v1


"@babel/runtime@^7.23.9", "@babel/runtime@^7.5.5", "@babel/runtime@^7.8.7":
  version "7.24.5"
  resolved "https://registry.yarnpkg.com/@babel/runtime/-/runtime-7.24.5.tgz#230946857c053a36ccc66e1dd03b17dd0c4ed02c"
  integrity sha512-Nms86NXrsaeU9vbBJKni6gXiEXZ4CVpYVzEjDH9Sb8vmZ3UljyA1GSOJl/6LGPO8EHLuSF9H+IxNXHPX8QHJ4g==
  dependencies:
    regenerator-runtime "^0.14.0"

"@emotion/cache@^11.11.0":
  version "11.11.0"
  resolved "https://registry.yarnpkg.com/@emotion/cache/-/cache-11.11.0.tgz#809b33ee6b1cb1a625fef7a45bc568ccd9b8f3ff"
  integrity sha512-P34z9ssTCBi3e9EI1ZsWpNHcfY1r09ZO0rZbRO2ob3ZQMnFI35jB536qoXbkdesr5EUhYi22anuEJuyxifaqAQ==
  dependencies:
    "@emotion/memoize" "^0.8.1"
    "@emotion/sheet" "^1.2.2"
    "@emotion/utils" "^1.2.1"
    "@emotion/weak-memoize" "^0.3.1"
    stylis "4.2.0"

"@emotion/memoize@^0.8.1":
  version "0.8.1"
  resolved "https://registry.yarnpkg.com/@emotion/memoize/-/memoize-0.8.1.tgz#c1ddb040429c6d21d38cc945fe75c818cfb68e17"
  integrity sha512-W2P2c/VRW1/1tLox0mVUalvnWXxavmv/Oum2aPsRcoDJuob75FC3Y8FbpfLwUegRcxINtGUMPq0tFCvYNTBXNA==

"@emotion/sheet@^1.2.2":
  version "1.2.2"
  resolved "https://registry.yarnpkg.com/@emotion/sheet/-/sheet-1.2.2.tgz#d58e788ee27267a14342303e1abb3d508b6d0fec"
  integrity sha512-0QBtGvaqtWi+nx6doRwDdBIzhNdZrXUppvTM4dtZZWEGTXL/XE/yJxLMGlDT1Gt+UHH5IX1n+jkXyytE/av7OA==

"@emotion/utils@^1.2.1":
  version "1.2.1"
  resolved "https://registry.yarnpkg.com/@emotion/utils/-/utils-1.2.1.tgz#bbab58465738d31ae4cb3dbb6fc00a5991f755e4"
  integrity sha512-Y2tGf3I+XVnajdItskUCn6LX+VUDmP6lTL4fcqsXAv43dnlbZiuW4MWQW38rW/BVWSE7Q/7+XQocmpnRYILUmg==

"@emotion/weak-memoize@^0.3.1":
  version "0.3.1"
  resolved "https://registry.yarnpkg.com/@emotion/weak-memoize/-/weak-memoize-0.3.1.tgz#d0fce5d07b0620caa282b5131c297bb60f9d87e6"
  integrity sha512-EsBwpc7hBUJWAsNPBmJy4hxWx12v6bshQsldrVmjxJoc3isbxhOrF2IcCpaXxfvq03NwkI7sbsOLXbYuqF/8Ww==

"@floating-ui/core@^1.0.0":
  version "1.6.1"
  resolved "https://registry.yarnpkg.com/@floating-ui/core/-/core-1.6.1.tgz#a4e6fef1b069cda533cbc7a4998c083a37f37573"
  integrity sha512-42UH54oPZHPdRHdw6BgoBD6cg/eVTmVrFcgeRDM3jbO7uxSoipVcmcIGFcA5jmOHO5apcyvBhkSKES3fQJnu7A==
  dependencies:
    "@floating-ui/utils" "^0.2.0"

"@floating-ui/dom@^1.0.0":
  version "1.6.5"
  resolved "https://registry.yarnpkg.com/@floating-ui/dom/-/dom-1.6.5.tgz#323f065c003f1d3ecf0ff16d2c2c4d38979f4cb9"
  integrity sha512-Nsdud2X65Dz+1RHjAIP0t8z5e2ff/IRbei6BqFrl1urT8sDVzM1HMQ+R0XcU5ceRfyO3I6ayeqIfh+6Wb8LGTw==
  dependencies:
    "@floating-ui/core" "^1.0.0"
    "@floating-ui/utils" "^0.2.0"

"@floating-ui/react-dom@^2.0.8":
  version "2.0.9"
  resolved "https://registry.yarnpkg.com/@floating-ui/react-dom/-/react-dom-2.0.9.tgz#264ba8b061000baa132b5910f0427a6acf7ad7ce"
  integrity sha512-q0umO0+LQK4+p6aGyvzASqKbKOJcAHJ7ycE9CuUvfx3s9zTHWmGJTPOIlM/hmSBfUfg/XfY5YhLBLR/LHwShQQ==
  dependencies:
    "@floating-ui/dom" "^1.0.0"

"@floating-ui/utils@^0.2.0":
  version "0.2.2"
  resolved "https://registry.yarnpkg.com/@floating-ui/utils/-/utils-0.2.2.tgz#d8bae93ac8b815b2bd7a98078cf91e2724ef11e5"
  integrity sha512-J4yDIIthosAsRZ5CPYP/jQvUAQtlZTTD/4suA08/FEnlxqW3sKS9iAhgsa9VYLZ6vDHn/ixJgIqRQPotoBjxIw==

"@mui/base@5.0.0-beta.40":
  version "5.0.0-beta.40"
  resolved "https://registry.yarnpkg.com/@mui/base/-/base-5.0.0-beta.40.tgz#1f8a782f1fbf3f84a961e954c8176b187de3dae2"
  integrity sha512-I/lGHztkCzvwlXpjD2+SNmvNQvB4227xBXhISPjEaJUXGImOQ9f3D2Yj/T3KasSI/h0MLWy74X0J6clhPmsRbQ==
  dependencies:
    "@babel/runtime" "^7.23.9"
    "@floating-ui/react-dom" "^2.0.8"
    "@mui/types" "^7.2.14"
    "@mui/utils" "^5.15.14"
    "@popperjs/core" "^2.11.8"
    clsx "^2.1.0"
    prop-types "^15.8.1"

"@mui/core-downloads-tracker@^5.15.17":
  version "5.15.17"
  resolved "https://registry.yarnpkg.com/@mui/core-downloads-tracker/-/core-downloads-tracker-5.15.17.tgz#ce8f3dff6ec11c8294d346997f6065eb23fa99be"
  integrity sha512-DVAejDQkjNnIac7MfP8sLzuo7fyrBPxNdXe+6bYqOqg1z2OPTlfFAejSNzWe7UenRMuFu9/AyFXj/X2vN2w6dA==

"@mui/material@^5.15.10":
  version "5.15.17"
  resolved "https://registry.yarnpkg.com/@mui/material/-/material-5.15.17.tgz#1e30bacc940573813cc418aebd4484708a407ba6"
  integrity sha512-ru/MLvTkCh0AZXmqwIpqGTOoVBS/sX48zArXq/DvktxXZx4fskiRA2PEc7Rk5ZlFiZhKh4moL4an+l8zZwq49Q==
  dependencies:
    "@babel/runtime" "^7.23.9"
    "@mui/base" "5.0.0-beta.40"
    "@mui/core-downloads-tracker" "^5.15.17"
    "@mui/system" "^5.15.15"
    "@mui/types" "^7.2.14"
    "@mui/utils" "^5.15.14"
    "@types/react-transition-group" "^4.4.10"
    clsx "^2.1.0"
    csstype "^3.1.3"
    prop-types "^15.8.1"
    react-is "^18.2.0"
    react-transition-group "^4.4.5"

"@mui/private-theming@^5.15.14":
  version "5.15.14"
  resolved "https://registry.yarnpkg.com/@mui/private-theming/-/private-theming-5.15.14.tgz#edd9a82948ed01586a01c842eb89f0e3f68970ee"
  integrity sha512-UH0EiZckOWcxiXLX3Jbb0K7rC8mxTr9L9l6QhOZxYc4r8FHUkefltV9VDGLrzCaWh30SQiJvAEd7djX3XXY6Xw==
  dependencies:
    "@babel/runtime" "^7.23.9"
    "@mui/utils" "^5.15.14"
    prop-types "^15.8.1"

"@mui/styled-engine@^5.15.14":
  version "5.15.14"
  resolved "https://registry.yarnpkg.com/@mui/styled-engine/-/styled-engine-5.15.14.tgz#168b154c4327fa4ccc1933a498331d53f61c0de2"
  integrity sha512-RILkuVD8gY6PvjZjqnWhz8fu68dVkqhM5+jYWfB5yhlSQKg+2rHkmEwm75XIeAqI3qwOndK6zELK5H6Zxn4NHw==
  dependencies:
    "@babel/runtime" "^7.23.9"
    "@emotion/cache" "^11.11.0"
    csstype "^3.1.3"
    prop-types "^15.8.1"

"@mui/system@^5.15.15":
  version "5.15.15"
  resolved "https://registry.yarnpkg.com/@mui/system/-/system-5.15.15.tgz#658771b200ce3c4a0f28e58169f02e5e718d1c53"
  integrity sha512-aulox6N1dnu5PABsfxVGOZffDVmlxPOVgj56HrUnJE8MCSh8lOvvkd47cebIVQQYAjpwieXQXiDPj5pwM40jTQ==
  dependencies:
    "@babel/runtime" "^7.23.9"
    "@mui/private-theming" "^5.15.14"
    "@mui/styled-engine" "^5.15.14"
    "@mui/types" "^7.2.14"
    "@mui/utils" "^5.15.14"
    clsx "^2.1.0"
    csstype "^3.1.3"
    prop-types "^15.8.1"

"@mui/types@^7.2.14":
  version "7.2.14"
  resolved "https://registry.yarnpkg.com/@mui/types/-/types-7.2.14.tgz#8a02ac129b70f3d82f2f9b76ded2c8d48e3fc8c9"
  integrity sha512-MZsBZ4q4HfzBsywtXgM1Ksj6HDThtiwmOKUXH1pKYISI9gAVXCNHNpo7TlGoGrBaYWZTdNoirIN7JsQcQUjmQQ==

"@mui/utils@^5.15.14":
  version "5.15.14"
  resolved "https://registry.yarnpkg.com/@mui/utils/-/utils-5.15.14.tgz#e414d7efd5db00bfdc875273a40c0a89112ade3a"
  integrity sha512-0lF/7Hh/ezDv5X7Pry6enMsbYyGKjADzvHyo3Qrc/SSlTsQ1VkbDMbH0m2t3OR5iIVLwMoxwM7yGd+6FCMtTFA==
  dependencies:
    "@babel/runtime" "^7.23.9"
    "@types/prop-types" "^15.7.11"
    prop-types "^15.8.1"
    react-is "^18.2.0"

"@popperjs/core@^2.11.8":
  version "2.11.8"
  resolved "https://registry.yarnpkg.com/@popperjs/core/-/core-2.11.8.tgz#6b79032e760a0899cd4204710beede972a3a185f"
  integrity sha512-P1st0aksCrn9sGZhp8GMYwBnQsbvAWsZAX44oXNNvLHGqAOcoVxmjZiohstwQ7SqKnbR47akdNi+uleWD8+g6A==

"@types/prop-types@*", "@types/prop-types@^15.7.11":
  version "15.7.12"
  resolved "https://registry.yarnpkg.com/@types/prop-types/-/prop-types-15.7.12.tgz#12bb1e2be27293c1406acb6af1c3f3a1481d98c6"
  integrity sha512-5zvhXYtRNRluoE/jAp4GVsSduVUzNWKkOZrCDBWYtE7biZywwdC2AcEzg+cSMLFRfVgeAFqpfNabiPjxFddV1Q==

"@types/react-transition-group@^4.4.10":
  version "4.4.10"
  resolved "https://registry.yarnpkg.com/@types/react-transition-group/-/react-transition-group-4.4.10.tgz#6ee71127bdab1f18f11ad8fb3322c6da27c327ac"
  integrity sha512-hT/+s0VQs2ojCX823m60m5f0sL5idt9SO6Tj6Dg+rdphGPIeJbJ6CxvBYkgkGKrYeDjvIpKTR38UzmtHJOGW3Q==
  dependencies:
    "@types/react" "*"

"@types/react@*":
  version "18.3.2"
  resolved "https://registry.yarnpkg.com/@types/react/-/react-18.3.2.tgz#462ae4904973bc212fa910424d901e3d137dbfcd"
  integrity sha512-Btgg89dAnqD4vV7R3hlwOxgqobUQKgx3MmrQRi0yYbs/P0ym8XozIAlkqVilPqHQwXs4e9Tf63rrCgl58BcO4w==
  dependencies:
    "@types/prop-types" "*"
    csstype "^3.0.2"

clsx@^2.1.0:
  version "2.1.1"
  resolved "https://registry.yarnpkg.com/clsx/-/clsx-2.1.1.tgz#eed397c9fd8bd882bfb18deab7102049a2f32999"
  integrity sha512-eYm0QWBtUrBWZWG0d386OGAw16Z995PiOVo2B7bjWSbHedGl5e0ZWaq65kOGgUSNesEIDkB9ISbTg/JK9dhCZA==

csstype@^3.0.2, csstype@^3.1.3:
  version "3.1.3"
  resolved "https://registry.yarnpkg.com/csstype/-/csstype-3.1.3.tgz#d80ff294d114fb0e6ac500fbf85b60137d7eff81"
  integrity sha512-M1uQkMl8rQK/szD0LNhtqxIPLpimGm8sOBwU7lLnCpSbTyY3yeU1Vc7l4KT5zT4s/yOxHH5O7tIuuLOCnLADRw==

dom-helpers@^5.0.1:
  version "5.2.1"
  resolved "https://registry.yarnpkg.com/dom-helpers/-/dom-helpers-5.2.1.tgz#d9400536b2bf8225ad98fe052e029451ac40e902"
  integrity sha512-nRCa7CK3VTrM2NmGkIy4cbK7IZlgBE/PYMn55rrXefr5xXDP0LdtfPnblFDoVdcAfslJ7or6iqAUnx0CCGIWQA==
  dependencies:
    "@babel/runtime" "^7.8.7"
    csstype "^3.0.2"

"js-tokens@^3.0.0 || ^4.0.0":
  version "4.0.0"
  resolved "https://registry.yarnpkg.com/js-tokens/-/js-tokens-4.0.0.tgz#19203fb59991df98e3a287050d4647cdeaf32499"
  integrity sha512-RdJUflcE3cUzKiMqQgsCu06FPu9UdIJO0beYbPhHN4k6apgJtifcoCtT9bcxOpYBtpD2kCM6Sbzg4CausW/PKQ==

loose-envify@^1.4.0:
  version "1.4.0"
  resolved "https://registry.yarnpkg.com/loose-envify/-/loose-envify-1.4.0.tgz#71ee51fa7be4caec1a63839f7e682d8132d30caf"
  integrity sha512-lyuxPGr/Wfhrlem2CL/UcnUc1zcqKAImBDzukY7Y5F/yQiNdko6+fRLevlw1HgMySw7f611UIY408EtxRSoK3Q==
  dependencies:
    js-tokens "^3.0.0 || ^4.0.0"

object-assign@^4.1.1:
  version "4.1.1"
  resolved "https://registry.yarnpkg.com/object-assign/-/object-assign-4.1.1.tgz#2109adc7965887cfc05cbbd442cac8bfbb360863"
  integrity sha512-rJgTQnkUnH1sFw8yT6VSU3zD3sWmu6sZhIseY8VX+GRu3P6F7Fu+JNDoXfklElbLJSnc3FUQHVe4cU5hj+BcUg==

prop-types@^15.6.2, prop-types@^15.8.1:
  version "15.8.1"
  resolved "https://registry.yarnpkg.com/prop-types/-/prop-types-15.8.1.tgz#67d87bf1a694f48435cf332c24af10214a3140b5"
  integrity sha512-oj87CgZICdulUohogVAR7AjlC0327U4el4L6eAvOqCeudMDVU0NThNaV+b9Df4dXgSP1gXMTnPdhfe/2qDH5cg==
  dependencies:
    loose-envify "^1.4.0"
    object-assign "^4.1.1"
    react-is "^16.13.1"

react-is@^16.13.1:
  version "16.13.1"
  resolved "https://registry.yarnpkg.com/react-is/-/react-is-16.13.1.tgz#789729a4dc36de2999dc156dd6c1d9c18cea56a4"
  integrity sha512-24e6ynE2H+OKt4kqsOvNd8kBpV65zoxbA4BVsEOB3ARVWQki/DHzaUoC5KuON/BiccDaCCTZBuOcfZs70kR8bQ==

react-is@^18.2.0:
  version "18.3.1"
  resolved "https://registry.yarnpkg.com/react-is/-/react-is-18.3.1.tgz#e83557dc12eae63a99e003a46388b1dcbb44db7e"
  integrity sha512-/LLMVyas0ljjAtoYiPqYiL8VWXzUUdThrmU5+n20DZv+a+ClRoevUzw5JxU+Ieh5/c87ytoTBV9G1FiKfNJdmg==

react-transition-group@^4.4.5:
  version "4.4.5"
  resolved "https://registry.yarnpkg.com/react-transition-group/-/react-transition-group-4.4.5.tgz#e53d4e3f3344da8521489fbef8f2581d42becdd1"
  integrity sha512-pZcd1MCJoiKiBR2NRxeCRg13uCXbydPnmB4EOeRrY7480qNWO8IIgQG6zlDkm6uRMsURXPuKq0GWtiM59a5Q6g==
  dependencies:
    "@babel/runtime" "^7.5.5"
    dom-helpers "^5.0.1"
    loose-envify "^1.4.0"
    prop-types "^15.6.2"

regenerator-runtime@^0.14.0:
  version "0.14.1"
  resolved "https://registry.yarnpkg.com/regenerator-runtime/-/regenerator-runtime-0.14.1.tgz#356ade10263f685dda125100cd862c1db895327f"
  integrity sha512-dYnhHh0nJoMfnkZs6GmmhFknAGRrLznOu5nc9ML+EJxGvrx6H7teuevqVqCuPcPK//3eDrrjQhehXVx9cnkGdw==

stylis@4.2.0:
  version "4.2.0"
  resolved "https://registry.yarnpkg.com/stylis/-/stylis-4.2.0.tgz#79daee0208964c8fe695a42fcffcac633a211a51"
  integrity sha512-Orov6g6BB1sDfYgzWfTHDOxamtX1bE/zo104Dh9e6fqJ3PooipYyfJ0pUmrZO2wAvO8YbEyeFrkV91XTsGMSrw==
