# THIS IS AN AUTOGENERATED FILE. DO NOT EDIT THIS FILE DIRECTLY.
# yarn lockfile v1


"@types/node@*":
  version "25.6.0"
  resolved "https://registry.yarnpkg.com/@types/node/-/node-25.6.0.tgz#4e09bad9b469871f2d0f68140198cbd714f4edca"
  integrity sha512-+qIYRKdNYJwY3vRCZMdJbPLJAtGjQBudzZzdzwQYkEPQd+PJGixUL5QfvCLDaULoLv+RhT3LDkwEfKaAkgSmNQ==
  dependencies:
    undici-types "~7.19.0"

"@types/node@^22.10.0":
  version "22.19.17"
  resolved "https://registry.yarnpkg.com/@types/node/-/node-22.19.17.tgz#09c71fb34ba2510f8ac865361b1fcb9552b8a581"
  integrity sha512-wGdMcf+vPYM6jikpS/qhg6WiqSV/OhG+jeeHT/KlVqxYfD40iYJf9/AE1uQxVWFvU7MipKRkRv8NSHiCGgPr8Q==
  dependencies:
    undici-types "~6.21.0"

"@types/ws@^8.5.13":
  version "8.18.1"
  resolved "https://registry.yarnpkg.com/@types/ws/-/ws-8.18.1.tgz#48464e4bf2ddfd17db13d845467f6070ffea4aa9"
  integrity sha512-ThVF6DCVhA8kUGy+aazFQ4kXQ7E1Ty7A3ypFOe0IcJV8O/M511G99AW24irKrW56Wt44yG9+ij8FaqoBGkuBXg==
  dependencies:
    "@types/node" "*"

typescript@^5.7.0:
  version "5.9.3"
  resolved "https://registry.yarnpkg.com/typescript/-/typescript-5.9.3.tgz#5b4f59e15310ab17a216f5d6cf53ee476ede670f"
  integrity sha512-jl1vZzPDinLr9eUt3J/t7V6FgNEw9QjvBPdysz9KfQDD41fQrC2Y4vKQdiaUpFT4bXlb1RHhLpp8wtm6M5TgSw==

undici-types@~6.21.0:
  version "6.21.0"
  resolved "https://registry.yarnpkg.com/undici-types/-/undici-types-6.21.0.tgz#691d00af3909be93a7faa13be61b3a5b50ef12cb"
  integrity sha512-iwDZqg0QAGrg9Rav5H4n0M64c3mkR59cJ6wQp+7C4nI0gsmExaedaYLNO44eT4AtBBwjbTiGPMlt2Md0T9H9JQ==

undici-types@~7.19.0:
  version "7.19.2"
  resolved "https://registry.yarnpkg.com/undici-types/-/undici-types-7.19.2.tgz#1b67fc26d0f157a0cba3a58a5b5c1e2276b8ba2a"
  integrity sha512-qYVnV5OEm2AW8cJMCpdV20CDyaN3g0AjDlOGf1OW4iaDEx8MwdtChUp4zu4H0VP3nDRF/8RKWH+IPp9uW0YGZg==

ws@^8.20.1:
  version "8.20.1"
  resolved "https://registry.yarnpkg.com/ws/-/ws-8.20.1.tgz#91a9ae2b312ccf98e0a85ec499b48cef45ab0ddb"
  integrity sha512-It4dO0K5v//JtTXuPkfEOaI3uUN87iYPnqo/ZzqCoG3g8uhA66QUMs/SrM0YK7/NAu+r4LMh/9dq2A7k+rHs+w==
