dependencies:
- name: postgresql
  repository: oci://registry-1.docker.io/bitnamicharts
  version: 14.3.3
- name: common
  repository: oci://registry-1.docker.io/bitnamicharts
  version: 2.31.4
- name: kodit
  repository: https://helixml.github.io/kodit
  version: 0.1.1
digest: sha256:30909d593a8124e7e749168db7528e4ec5124271d360955d4500e3be61ed9d2c
generated: "2025-12-12T15:56:52.311600865+01:00"
