dependencies:
- name: postgresql
  repository: oci://registry-1.docker.io/bitnamicharts
  version: 14.3.3
- name: common
  repository: oci://registry-1.docker.io/bitnamicharts
  version: 2.31.4
- name: kodit
  repository: https://helixml.github.io/kodit
  version: 0.1.0
digest: sha256:d63bc9357451ffba95f9791faf351db77139fece90915ef5157ec805e9ea21f3
generated: "2025-12-11T18:12:57.941388756+01:00"
